
Microsoft Visual Studio Solution File, Format Version 12.00
# Visual Studio Version 16
VisualStudioVersion = 16.0.30717.126
MinimumVisualStudioVersion = 10.0.40219.1
Project("{8BC9CEB8-8B4A-11D0-8D11-00A0C91BC942}") = "ProcessClassifier", "ProcessClassifier\ProcessClassifier.vcxproj", "{5AEB5E7D-77E0-4F90-9C6A-3984EE110231}"
EndProject
Global
	GlobalSection(SolutionConfigurationPlatforms) = preSolution
		Debug|x64 = Debug|x64
		Debug|x86 = Debug|x86
		Release|x64 = Release|x64
		Release|x86 = Release|x86
	EndGlobalSection
	GlobalSection(ProjectConfigurationPlatforms) = postSolution
		{5AEB5E7D-77E0-4F90-9C6A-3984EE110231}.Debug|x64.ActiveCfg = Debug|x64
		{5AEB5E7D-77E0-4F90-9C6A-3984EE110231}.Debug|x64.Build.0 = Debug|x64
		{5AEB5E7D-77E0-4F90-9C6A-3984EE110231}.Debug|x86.ActiveCfg = Debug|Win32
		{5AEB5E7D-77E0-4F90-9C6A-3984EE110231}.Debug|x86.Build.0 = Debug|Win32
		{5AEB5E7D-77E0-4F90-9C6A-3984EE110231}.Release|x64.ActiveCfg = Release|x64
		{5AEB5E7D-77E0-4F90-9C6A-3984EE110231}.Release|x64.Build.0 = Release|x64
		{5AEB5E7D-77E0-4F90-9C6A-3984EE110231}.Release|x86.ActiveCfg = Release|Win32
		{5AEB5E7D-77E0-4F90-9C6A-3984EE110231}.Release|x86.Build.0 = Release|Win32
	EndGlobalSection
	GlobalSection(SolutionProperties) = preSolution
		HideSolutionNode = FALSE
	EndGlobalSection
	GlobalSection(ExtensibilityGlobals) = postSolution
		SolutionGuid = {6F04D53B-8A2A-44DB-A33B-0CAF9EE5C511}
	EndGlobalSection
EndGlobal
